# This file is automatically @generated by Cargo.
# It is not intended for manual editing.
[[package]]
name = "daggy"
version = "0.6.0"
source = "registry+https://github.com/rust-lang/crates.io-index"
dependencies = [
 "petgraph 0.4.13 (registry+https://github.com/rust-lang/crates.io-index)",
]

[[package]]
name = "fixedbitset"
version = "0.1.9"
source = "registry+https://github.com/rust-lang/crates.io-index"

[[package]]
name = "petgraph"
version = "0.4.13"
source = "registry+https://github.com/rust-lang/crates.io-index"
dependencies = [
 "fixedbitset 0.1.9 (registry+https://github.com/rust-lang/crates.io-index)",
]

[[package]]
name = "ruste"
version = "0.1.0"
dependencies = [
 "daggy 0.6.0 (registry+https://github.com/rust-lang/crates.io-index)",
]

[metadata]
"checksum daggy 0.6.0 (registry+https://github.com/rust-lang/crates.io-index)" = "e2099ef075418d7b252af69583c831cde749af9423c2a212dea8895e8ea78841"
"checksum fixedbitset 0.1.9 (registry+https://github.com/rust-lang/crates.io-index)" = "86d4de0081402f5e88cdac65c8dcdcc73118c1a7a465e2a05f0da05843a8ea33"
"checksum petgraph 0.4.13 (registry+https://github.com/rust-lang/crates.io-index)" = "9c3659d1ee90221741f65dd128d9998311b0e40c5d3c23a62445938214abce4f"
